// !$*UTF8*$!
{
	archiveVersion = 1;
	classes = {
	};
	objectVersion = 46;
	objects = {

/* Begin PBXBuildFile section */
		0774A6A314B9CD8200D795AE /* UIKit.framework in Frameworks */ = {isa = PBXBuildFile; fileRef = 0774A6A214B9CD8200D795AE /* UIKit.framework */; };
		0774A6A514B9CD8200D795AE /* Foundation.framework in Frameworks */ = {isa = PBXBuildFile; fileRef = 0774A6A414B9CD8200D795AE /* Foundation.framework */; };
		0774A6A714B9CD8200D795AE /* CoreGraphics.framework in Frameworks */ = {isa = PBXBuildFile; fileRef = 0774A6A614B9CD8200D795AE /* CoreGraphics.framework */; };
		0774A6A914B9CD8200D795AE /* CoreData.framework in Frameworks */ = {isa = PBXBuildFile; fileRef = 0774A6A814B9CD8200D795AE /* CoreData.framework */; };
		0774A6AF14B9CD8200D795AE /* InfoPlist.strings in Resources */ = {isa = PBXBuildFile; fileRef = 0774A6AD14B9CD8200D795AE /* InfoPlist.strings */; };
		0774A6B114B9CD8200D795AE /* main.m in Sources */ = {isa = PBXBuildFile; fileRef = 0774A6B014B9CD8200D795AE /* main.m */; };
		0774A6B514B9CD8200D795AE /* AppDelegate.m in Sources */ = {isa = PBXBuildFile; fileRef = 0774A6B414B9CD8200D795AE /* AppDelegate.m */; };
		0774A6B814B9CD8200D795AE /* BFMan.xcdatamodeld in Sources */ = {isa = PBXBuildFile; fileRef = 0774A6B614B9CD8200D795AE /* BFMan.xcdatamodeld */; };
		0774A6C014B9CD8200D795AE /* SenTestingKit.framework in Frameworks */ = {isa = PBXBuildFile; fileRef = 0774A6BF14B9CD8200D795AE /* SenTestingKit.framework */; };
		0774A6C114B9CD8200D795AE /* UIKit.framework in Frameworks */ = {isa = PBXBuildFile; fileRef = 0774A6A214B9CD8200D795AE /* UIKit.framework */; };
		0774A6C214B9CD8200D795AE /* Foundation.framework in Frameworks */ = {isa = PBXBuildFile; fileRef = 0774A6A414B9CD8200D795AE /* Foundation.framework */; };
		0774A6C314B9CD8200D795AE /* CoreData.framework in Frameworks */ = {isa = PBXBuildFile; fileRef = 0774A6A814B9CD8200D795AE /* CoreData.framework */; };
		0774A6CB14B9CD8200D795AE /* InfoPlist.strings in Resources */ = {isa = PBXBuildFile; fileRef = 0774A6C914B9CD8200D795AE /* InfoPlist.strings */; };
		0774A6CE14B9CD8200D795AE /* BFManTests.m in Sources */ = {isa = PBXBuildFile; fileRef = 0774A6CD14B9CD8200D795AE /* BFManTests.m */; };
/* End PBXBuildFile section */

/* Begin PBXContainerItemProxy section */
		0774A6C414B9CD8200D795AE /* PBXContainerItemProxy */ = {
			isa = PBXContainerItemProxy;
			containerPortal = 0774A69514B9CD8100D795AE /* Project object */;
			proxyType = 1;
			remoteGlobalIDString = 0774A69D14B9CD8100D795AE;
			remoteInfo = BFMan;
		};
/* End PBXContainerItemProxy section */

/* Begin PBXFileReference section */
		0774A69E14B9CD8200D795AE /* BFMan.app */ = {isa = PBXFileReference; explicitFileType = wrapper.application; includeInIndex = 0; path = BFMan.app; sourceTree = BUILT_PRODUCTS_DIR; };
		0774A6A214B9CD8200D795AE /* UIKit.framework */ = {isa = PBXFileReference; lastKnownFileType = wrapper.framework; name = UIKit.framework; path = System/Library/Frameworks/UIKit.framework; sourceTree = SDKROOT; };
		0774A6A414B9CD8200D795AE /* Foundation.framework */ = {isa = PBXFileReference; lastKnownFileType = wrapper.framework; name = Foundation.framework; path = System/Library/Frameworks/Foundation.framework; sourceTree = SDKROOT; };
		0774A6A614B9CD8200D795AE /* CoreGraphics.framework */ = {isa = PBXFileReference; lastKnownFileType = wrapper.framework; name = CoreGraphics.framework; path = System/Library/Frameworks/CoreGraphics.framework; sourceTree = SDKROOT; };
		0774A6A814B9CD8200D795AE /* CoreData.framework */ = {isa = PBXFileReference; lastKnownFileType = wrapper.framework; name = CoreData.framework; path = System/Library/Frameworks/CoreData.framework; sourceTree = SDKROOT; };
		0774A6AC14B9CD8200D795AE /* BFMan-Info.plist */ = {isa = PBXFileReference; path = "BFMan-Info.plist"; sourceTree = "<group>"; };
		0774A6AE14B9CD8200D795AE /* en */ = {isa = PBXFileReference; lastKnownFileType = text.plist.strings; name = en; path = en.lproj/InfoPlist.strings; sourceTree = "<group>"; };
		0774A6B014B9CD8200D795AE /* main.m */ = {isa = PBXFileReference; lastKnownFileType = sourcecode.c.objc; path = main.m; sourceTree = "<group>"; };
		0774A6B214B9CD8200D795AE /* BFMan-Prefix.pch */ = {isa = PBXFileReference; path = "BFMan-Prefix.pch"; sourceTree = "<group>"; };
		0774A6B314B9CD8200D795AE /* AppDelegate.h */ = {isa = PBXFileReference; path = AppDelegate.h; sourceTree = "<group>"; };
		0774A6B414B9CD8200D795AE /* AppDelegate.m */ = {isa = PBXFileReference; lastKnownFileType = sourcecode.c.objc; path = AppDelegate.m; sourceTree = "<group>"; };
		0774A6B714B9CD8200D795AE /* BFMan.xcdatamodel */ = {isa = PBXFileReference; lastKnownFileType = wrapper.xcdatamodel; path = BFMan.xcdatamodel; sourceTree = "<group>"; };
		0774A6BE14B9CD8200D795AE /* BFManTests.octest */ = {isa = PBXFileReference; explicitFileType = wrapper.cfbundle; includeInIndex = 0; path = BFManTests.octest; sourceTree = BUILT_PRODUCTS_DIR; };
		0774A6BF14B9CD8200D795AE /* SenTestingKit.framework */ = {isa = PBXFileReference; lastKnownFileType = wrapper.framework; name = SenTestingKit.framework; path = Library/Frameworks/SenTestingKit.framework; sourceTree = DEVELOPER_DIR; };
		0774A6C814B9CD8200D795AE /* BFManTests-Info.plist */ = {isa = PBXFileReference; path = "BFManTests-Info.plist"; sourceTree = "<group>"; };
		0774A6CA14B9CD8200D795AE /* en */ = {isa = PBXFileReference; lastKnownFileType = text.plist.strings; name = en; path = en.lproj/InfoPlist.strings; sourceTree = "<group>"; };
		0774A6CC14B9CD8200D795AE /* BFManTests.h */ = {isa = PBXFileReference; path = BFManTests.h; sourceTree = "<group>"; };
		0774A6CD14B9CD8200D795AE /* BFManTests.m */ = {isa = PBXFileReference; lastKnownFileType = sourcecode.c.objc; path = BFManTests.m; sourceTree = "<group>"; };
/* End PBXFileReference section */

/* Begin PBXFrameworksBuildPhase section */
		0774A69B14B9CD8100D795AE /* Frameworks */ = {
			isa = PBXFrameworksBuildPhase;
			buildActionMask = 2147483647;
			files = (
				0774A6A314B9CD8200D795AE /* UIKit.framework in Frameworks */,
				0774A6A514B9CD8200D795AE /* Foundation.framework in Frameworks */,
				0774A6A714B9CD8200D795AE /* CoreGraphics.framework in Frameworks */,
				0774A6A914B9CD8200D795AE /* CoreData.framework in Frameworks */,
			);
			runOnlyForDeploymentPostprocessing = 0;
		};
		0774A6BA14B9CD8200D795AE /* Frameworks */ = {
			isa = PBXFrameworksBuildPhase;
			buildActionMask = 2147483647;
			files = (
				0774A6C014B9CD8200D795AE /* SenTestingKit.framework in Frameworks */,
				0774A6C114B9CD8200D795AE /* UIKit.framework in Frameworks */,
				0774A6C214B9CD8200D795AE /* Foundation.framework in Frameworks */,
				0774A6C314B9CD8200D795AE /* CoreData.framework in Frameworks */,
			);
			runOnlyForDeploymentPostprocessing = 0;
		};
/* End PBXFrameworksBuildPhase section */

/* Begin PBXGroup section */
		0774A69314B9CD8100D795AE = {
			isa = PBXGroup;
			children = (
				0774A6AA14B9CD8200D795AE /* BFMan */,
				0774A6C614B9CD8200D795AE /* BFManTests */,
				0774A6A114B9CD8200D795AE /* Frameworks */,
				0774A69F14B9CD8200D795AE /* Products */,
			);
			sourceTree = "<group>";
		};
		0774A69F14B9CD8200D795AE /* Products */ = {
			isa = PBXGroup;
			children = (
				0774A69E14B9CD8200D795AE /* BFMan.app */,
				0774A6BE14B9CD8200D795AE /* BFManTests.octest */,
			);
			name = Products;
			sourceTree = "<group>";
		};
		0774A6A114B9CD8200D795AE /* Frameworks */ = {
			isa = PBXGroup;
			children = (
				0774A6A214B9CD8200D795AE /* UIKit.framework */,
				0774A6A414B9CD8200D795AE /* Foundation.framework */,
				0774A6A614B9CD8200D795AE /* CoreGraphics.framework */,
				0774A6A814B9CD8200D795AE /* CoreData.framework */,
				0774A6BF14B9CD8200D795AE /* SenTestingKit.framework */,
			);
			name = Frameworks;
			sourceTree = "<group>";
		};
		0774A6AA14B9CD8200D795AE /* BFMan */ = {
			isa = PBXGroup;
			children = (
				0774A6B314B9CD8200D795AE /* AppDelegate.h */,
				0774A6B414B9CD8200D795AE /* AppDelegate.m */,
				0774A6B614B9CD8200D795AE /* BFMan.xcdatamodeld */,
				0774A6AB14B9CD8200D795AE /* Supporting Files */,
			);
			path = BFMan;
			sourceTree = "<group>";
		};
		0774A6AB14B9CD8200D795AE /* Supporting Files */ = {
			isa = PBXGroup;
			children = (
				0774A6AC14B9CD8200D795AE /* BFMan-Info.plist */,
				0774A6AD14B9CD8200D795AE /* InfoPlist.strings */,
				0774A6B014B9CD8200D795AE /* main.m */,
				0774A6B214B9CD8200D795AE /* BFMan-Prefix.pch */,
			);
			name = "Supporting Files";
			sourceTree = "<group>";
		};
		0774A6C614B9CD8200D795AE /* BFManTests */ = {
			isa = PBXGroup;
			children = (
				0774A6CC14B9CD8200D795AE /* BFManTests.h */,
				0774A6CD14B9CD8200D795AE /* BFManTests.m */,
				0774A6C714B9CD8200D795AE /* Supporting Files */,
			);
			path = BFManTests;
			sourceTree = "<group>";
		};
		0774A6C714B9CD8200D795AE /* Supporting Files */ = {
			isa = PBXGroup;
			children = (
				0774A6C814B9CD8200D795AE /* BFManTests-Info.plist */,
				0774A6C914B9CD8200D795AE /* InfoPlist.strings */,
			);
			name = "Supporting Files";
			sourceTree = "<group>";
		};
/* End PBXGroup section */

/* Begin PBXNativeTarget section */
		0774A69D14B9CD8100D795AE /* BFMan */ = {
			isa = PBXNativeTarget;
			buildConfigurationList = 0774A6D114B9CD8200D795AE /* Build configuration list for PBXNativeTarget "BFMan" */;
			buildPhases = (
				0774A69A14B9CD8100D795AE /* Sources */,
				0774A69B14B9CD8100D795AE /* Frameworks */,
				0774A69C14B9CD8100D795AE /* Resources */,
			);
			buildRules = (
			);
			dependencies = (
			);
			name = BFMan;
			productName = BFMan;
			productReference = 0774A69E14B9CD8200D795AE /* BFMan.app */;
			productType = "com.apple.product-type.application";
		};
		0774A6BD14B9CD8200D795AE /* BFManTests */ = {
			isa = PBXNativeTarget;
			buildConfigurationList = 0774A6D414B9CD8200D795AE /* Build configuration list for PBXNativeTarget "BFManTests" */;
			buildPhases = (
				0774A6B914B9CD8200D795AE /* Sources */,
				0774A6BA14B9CD8200D795AE /* Frameworks */,
				0774A6BB14B9CD8200D795AE /* Resources */,
				0774A6BC14B9CD8200D795AE /* ShellScript */,
			);
			buildRules = (
			);
			dependencies = (
				0774A6C514B9CD8200D795AE /* PBXTargetDependency */,
			);
			name = BFManTests;
			productName = BFManTests;
			productReference = 0774A6BE14B9CD8200D795AE /* BFManTests.octest */;
			productType = "com.apple.product-type.bundle";
		};
/* End PBXNativeTarget section */

/* Begin PBXProject section */
		0774A69514B9CD8100D795AE /* Project object */ = {
			isa = PBXProject;
			attributes = {
				LastUpgradeCheck = 0420;
				ORGANIZATIONNAME = "Manyoo Studio";
			};
			buildConfigurationList = 0774A69814B9CD8100D795AE /* Build configuration list for PBXProject "BFMan" */;
			compatibilityVersion = "Xcode 3.2";
			developmentRegion = English;
			hasScannedForEncodings = 0;
			knownRegions = (
				en,
			);
			mainGroup = 0774A69314B9CD8100D795AE;
			productRefGroup = 0774A69F14B9CD8200D795AE /* Products */;
			projectDirPath = "";
			projectRoot = "";
			targets = (
				0774A69D14B9CD8100D795AE /* BFMan */,
				0774A6BD14B9CD8200D795AE /* BFManTests */,
			);
		};
/* End PBXProject section */

/* Begin PBXResourcesBuildPhase section */
		0774A69C14B9CD8100D795AE /* Resources */ = {
			isa = PBXResourcesBuildPhase;
			buildActionMask = 2147483647;
			files = (
				0774A6AF14B9CD8200D795AE /* InfoPlist.strings in Resources */,
			);
			runOnlyForDeploymentPostprocessing = 0;
		};
		0774A6BB14B9CD8200D795AE /* Resources */ = {
			isa = PBXResourcesBuildPhase;
			buildActionMask = 2147483647;
			files = (
				0774A6CB14B9CD8200D795AE /* InfoPlist.strings in Resources */,
			);
			runOnlyForDeploymentPostprocessing = 0;
		};
/* End PBXResourcesBuildPhase section */

/* Begin PBXShellScriptBuildPhase section */
		0774A6BC14B9CD8200D795AE /* ShellScript */ = {
			isa = PBXShellScriptBuildPhase;
			buildActionMask = 2147483647;
			files = (
			);
			inputPaths = (
			);
			outputPaths = (
			);
			runOnlyForDeploymentPostprocessing = 0;
			shellPath = /bin/sh;
			shellScript = "# Run the unit tests in this test bundle.\n\"${SYSTEM_DEVELOPER_DIR}/Tools/RunUnitTests\"\n";
		};
/* End PBXShellScriptBuildPhase section */

/* Begin PBXSourcesBuildPhase section */
		0774A69A14B9CD8100D795AE /* Sources */ = {
			isa = PBXSourcesBuildPhase;
			buildActionMask = 2147483647;
			files = (
				0774A6B114B9CD8200D795AE /* main.m in Sources */,
				0774A6B514B9CD8200D795AE /* AppDelegate.m in Sources */,
				0774A6B814B9CD8200D795AE /* BFMan.xcdatamodeld in Sources */,
			);
			runOnlyForDeploymentPostprocessing = 0;
		};
		0774A6B914B9CD8200D795AE /* Sources */ = {
			isa = PBXSourcesBuildPhase;
			buildActionMask = 2147483647;
			files = (
				0774A6CE14B9CD8200D795AE /* BFManTests.m in Sources */,
			);
			runOnlyForDeploymentPostprocessing = 0;
		};
/* End PBXSourcesBuildPhase section */

/* Begin PBXTargetDependency section */
		0774A6C514B9CD8200D795AE /* PBXTargetDependency */ = {
			isa = PBXTargetDependency;
			target = 0774A69D14B9CD8100D795AE /* BFMan */;
			targetProxy = 0774A6C414B9CD8200D795AE /* PBXContainerItemProxy */;
		};
/* End PBXTargetDependency section */

/* Begin PBXVariantGroup section */
		0774A6AD14B9CD8200D795AE /* InfoPlist.strings */ = {
			isa = PBXVariantGroup;
			children = (
				0774A6AE14B9CD8200D795AE /* en */,
			);
			name = InfoPlist.strings;
			sourceTree = "<group>";
		};
		0774A6C914B9CD8200D795AE /* InfoPlist.strings */ = {
			isa = PBXVariantGroup;
			children = (
				0774A6CA14B9CD8200D795AE /* en */,
			);
			name = InfoPlist.strings;
			sourceTree = "<group>";
		};
/* End PBXVariantGroup section */

/* Begin XCBuildConfiguration section */
		0774A6CF14B9CD8200D795AE /* Debug */ = {
			isa = XCBuildConfiguration;
			buildSettings = {
				ALWAYS_SEARCH_USER_PATHS = NO;
				ARCHS = "$(ARCHS_STANDARD_32_BIT)";
				CLANG_ENABLE_OBJC_ARC = YES;
				"CODE_SIGN_IDENTITY[sdk=iphoneos*]" = "iPhone Developer";
				COPY_PHASE_STRIP = NO;
				GCC_C_LANGUAGE_STANDARD = gnu99;
				GCC_DYNAMIC_NO_PIC = NO;
				GCC_OPTIMIZATION_LEVEL = 0;
				GCC_PREPROCESSOR_DEFINITIONS = (
					"DEBUG=1",
					"$(inherited)",
				);
				GCC_SYMBOLS_PRIVATE_EXTERN = NO;
				GCC_VERSION = com.apple.compilers.llvm.clang.1_0;
				GCC_WARN_ABOUT_MISSING_PROTOTYPES = YES;
				GCC_WARN_ABOUT_RETURN_TYPE = YES;
				GCC_WARN_UNUSED_VARIABLE = YES;
				IPHONEOS_DEPLOYMENT_TARGET = 5.0;
				SDKROOT = iphoneos;
			};
			name = Debug;
		};
		0774A6D014B9CD8200D795AE /* Release */ = {
			isa = XCBuildConfiguration;
			buildSettings = {
				ALWAYS_SEARCH_USER_PATHS = NO;
				ARCHS = "$(ARCHS_STANDARD_32_BIT)";
				CLANG_ENABLE_OBJC_ARC = YES;
				"CODE_SIGN_IDENTITY[sdk=iphoneos*]" = "iPhone Developer";
				COPY_PHASE_STRIP = YES;
				GCC_C_LANGUAGE_STANDARD = gnu99;
				GCC_VERSION = com.apple.compilers.llvm.clang.1_0;
				GCC_WARN_ABOUT_MISSING_PROTOTYPES = YES;
				GCC_WARN_ABOUT_RETURN_TYPE = YES;
				GCC_WARN_UNUSED_VARIABLE = YES;
				IPHONEOS_DEPLOYMENT_TARGET = 5.0;
				OTHER_CFLAGS = "-DNS_BLOCK_ASSERTIONS=1";
				SDKROOT = iphoneos;
				VALIDATE_PRODUCT = YES;
			};
			name = Release;
		};
		0774A6D214B9CD8200D795AE /* Debug */ = {
			isa = XCBuildConfiguration;
			buildSettings = {
				GCC_PRECOMPILE_PREFIX_HEADER = YES;
				GCC_PREFIX_HEADER = "BFMan/BFMan-Prefix.pch";
				INFOPLIST_FILE = "BFMan/BFMan-Info.plist";
				PRODUCT_NAME = "$(TARGET_NAME)";
				WRAPPER_EXTENSION = app;
			};
			name = Debug;
		};
		0774A6D314B9CD8200D795AE /* Release */ = {
			isa = XCBuildConfiguration;
			buildSettings = {
				GCC_PRECOMPILE_PREFIX_HEADER = YES;
				GCC_PREFIX_HEADER = "BFMan/BFMan-Prefix.pch";
				INFOPLIST_FILE = "BFMan/BFMan-Info.plist";
				PRODUCT_NAME = "$(TARGET_NAME)";
				WRAPPER_EXTENSION = app;
			};
			name = Release;
		};
		0774A6D514B9CD8200D795AE /* Debug */ = {
			isa = XCBuildConfiguration;
			buildSettings = {
				BUNDLE_LOADER = "$(BUILT_PRODUCTS_DIR)/BFMan.app/BFMan";
				FRAMEWORK_SEARCH_PATHS = (
					"$(SDKROOT)/Developer/Library/Frameworks",
					"$(DEVELOPER_LIBRARY_DIR)/Frameworks",
				);
				GCC_PRECOMPILE_PREFIX_HEADER = YES;
				GCC_PREFIX_HEADER = "BFMan/BFMan-Prefix.pch";
				INFOPLIST_FILE = "BFManTests/BFManTests-Info.plist";
				PRODUCT_NAME = "$(TARGET_NAME)";
				TEST_HOST = "$(BUNDLE_LOADER)";
				WRAPPER_EXTENSION = octest;
			};
			name = Debug;
		};
		0774A6D614B9CD8200D795AE /* Release */ = {
			isa = XCBuildConfiguration;
			buildSettings = {
				BUNDLE_LOADER = "$(BUILT_PRODUCTS_DIR)/BFMan.app/BFMan";
				FRAMEWORK_SEARCH_PATHS = (
					"$(SDKROOT)/Developer/Library/Frameworks",
					"$(DEVELOPER_LIBRARY_DIR)/Frameworks",
				);
				GCC_PRECOMPILE_PREFIX_HEADER = YES;
				GCC_PREFIX_HEADER = "BFMan/BFMan-Prefix.pch";
				INFOPLIST_FILE = "BFManTests/BFManTests-Info.plist";
				PRODUCT_NAME = "$(TARGET_NAME)";
				TEST_HOST = "$(BUNDLE_LOADER)";
				WRAPPER_EXTENSION = octest;
			};
			name = Release;
		};
/* End XCBuildConfiguration section */

/* Begin XCConfigurationList section */
		0774A69814B9CD8100D795AE /* Build configuration list for PBXProject "BFMan" */ = {
			isa = XCConfigurationList;
			buildConfigurations = (
				0774A6CF14B9CD8200D795AE /* Debug */,
				0774A6D014B9CD8200D795AE /* Release */,
			);
			defaultConfigurationIsVisible = 0;
			defaultConfigurationName = Release;
		};
		0774A6D114B9CD8200D795AE /* Build configuration list for PBXNativeTarget "BFMan" */ = {
			isa = XCConfigurationList;
			buildConfigurations = (
				0774A6D214B9CD8200D795AE /* Debug */,
				0774A6D314B9CD8200D795AE /* Release */,
			);
			defaultConfigurationIsVisible = 0;
		};
		0774A6D414B9CD8200D795AE /* Build configuration list for PBXNativeTarget "BFManTests" */ = {
			isa = XCConfigurationList;
			buildConfigurations = (
				0774A6D514B9CD8200D795AE /* Debug */,
				0774A6D614B9CD8200D795AE /* Release */,
			);
			defaultConfigurationIsVisible = 0;
		};
/* End XCConfigurationList section */

/* Begin XCVersionGroup section */
		0774A6B614B9CD8200D795AE /* BFMan.xcdatamodeld */ = {
			isa = XCVersionGroup;
			children = (
				0774A6B714B9CD8200D795AE /* BFMan.xcdatamodel */,
			);
			currentVersion = 0774A6B714B9CD8200D795AE /* BFMan.xcdatamodel */;
			path = BFMan.xcdatamodeld;
			sourceTree = "<group>";
			versionGroupType = wrapper.xcdatamodel;
		};
/* End XCVersionGroup section */
	};
	rootObject = 0774A69514B9CD8100D795AE /* Project object */;
}
